// !$*UTF8*$!
{
	archiveVersion = 1;
	classes = {
	};
	objectVersion = 46;
	objects = {

/* Begin PBXBuildFile section */
		1B01AF7A14E5BCED000D8CEA /* XLTagMgr.m in Sources */ = {isa = PBXBuildFile; fileRef = 1B01AF7614E5BCED000D8CEA /* XLTagMgr.m */; };
		1B01AF7B14E5BCED000D8CEA /* XLTag.m in Sources */ = {isa = PBXBuildFile; fileRef = 1B01AF7914E5BCED000D8CEA /* XLTag.m */; };
		1B27E1E814CDE93100D8B058 /* CoreTelephony.framework in Frameworks */ = {isa = PBXBuildFile; fileRef = 1B27E1E714CDE93100D8B058 /* CoreTelephony.framework */; };
		1B3EA6D6171DEFDC00AA3912 /* chime.caf in Resources */ = {isa = PBXBuildFile; fileRef = 1B3EA6CF171DEFDC00AA3912 /* chime.caf */; };
		1B3EA6D7171DEFDC00AA3912 /* ding.caf in Resources */ = {isa = PBXBuildFile; fileRef = 1B3EA6D0171DEFDC00AA3912 /* ding.caf */; };
		1B3EA6D8171DEFDC00AA3912 /* expireMsgTemplate.html in Resources */ = {isa = PBXBuildFile; fileRef = 1B3EA6D1171DEFDC00AA3912 /* expireMsgTemplate.html */; };
		1B3EA6D9171DEFDC00AA3912 /* richnotification.mom in Resources */ = {isa = PBXBuildFile; fileRef = 1B3EA6D2171DEFDC00AA3912 /* richnotification.mom */; };
		1B3EA6DA171DEFDC00AA3912 /* richnotificationV1.15.mom in Resources */ = {isa = PBXBuildFile; fileRef = 1B3EA6D3171DEFDC00AA3912 /* richnotificationV1.15.mom */; };
		1B3EA6DB171DEFDC00AA3912 /* silence.caf in Resources */ = {isa = PBXBuildFile; fileRef = 1B3EA6D4171DEFDC00AA3912 /* silence.caf */; };
		1B3EA6DC171DEFDC00AA3912 /* XtifyPush.framework in Frameworks */ = {isa = PBXBuildFile; fileRef = 1B3EA6D5171DEFDC00AA3912 /* XtifyPush.framework */; };
		1B4BBA881328440A0015E814 /* CFNetwork.framework in Frameworks */ = {isa = PBXBuildFile; fileRef = 1B4BBA871328440A0015E814 /* CFNetwork.framework */; };
		1B4BBADE132844A40015E814 /* libxml2.2.dylib in Frameworks */ = {isa = PBXBuildFile; fileRef = 1B4BBADD132844A40015E814 /* libxml2.2.dylib */; };
		1B4BBAE0132844A40015E814 /* libz.1.1.3.dylib in Frameworks */ = {isa = PBXBuildFile; fileRef = 1B4BBADF132844A40015E814 /* libz.1.1.3.dylib */; };
		1B4C2DF413327FD000B6FD19 /* MobileCoreServices.framework in Frameworks */ = {isa = PBXBuildFile; fileRef = 1B4C2DF313327FD000B6FD19 /* MobileCoreServices.framework */; };
		1B57784D169CBA6500F8ED8C /* blue-dot.png in Resources */ = {isa = PBXBuildFile; fileRef = 1B57784C169CBA6500F8ED8C /* blue-dot.png */; };
		1B6DD2C3166D33F600711317 /* CompanyInboxVC-pad.xib in Resources */ = {isa = PBXBuildFile; fileRef = 1B6DD2C2166D33F600711317 /* CompanyInboxVC-pad.xib */; };
		1B7A7F9F13171DE200BCF75B /* SystemConfiguration.framework in Frameworks */ = {isa = PBXBuildFile; fileRef = 1B7A7F9E13171DE200BCF75B /* SystemConfiguration.framework */; };
		1B7A81A1131C1BFA00BCF75B /* MapKit.framework in Frameworks */ = {isa = PBXBuildFile; fileRef = 1B7A81A0131C1BFA00BCF75B /* MapKit.framework */; };
		1B7A81DD131C1C3A00BCF75B /* CoreData.framework in Frameworks */ = {isa = PBXBuildFile; fileRef = 1B7A81DC131C1C3A00BCF75B /* CoreData.framework */; };
		1B7A81E3131C1C8900BCF75B /* MessageUI.framework in Frameworks */ = {isa = PBXBuildFile; fileRef = 1B7A81E2131C1C8900BCF75B /* MessageUI.framework */; };
		1B7A81EA131C1CA500BCF75B /* CoreLocation.framework in Frameworks */ = {isa = PBXBuildFile; fileRef = 1B7A81E9131C1CA500BCF75B /* CoreLocation.framework */; };
		1B86939C174D726500F56B5E /* Localizable.strings in Resources */ = {isa = PBXBuildFile; fileRef = 1B86939E174D726500F56B5E /* Localizable.strings */; };
		1B9338B61616333800E7DA73 /* XLXtifyOptions.m in Sources */ = {isa = PBXBuildFile; fileRef = 1B9338B51616333800E7DA73 /* XLXtifyOptions.m */; };
		1BAE34B9166808840091224F /* Default-568h@2x.png in Resources */ = {isa = PBXBuildFile; fileRef = 1BAE34B8166808840091224F /* Default-568h@2x.png */; };
		1BB81E25167A301A00558FA7 /* ExpireTemplate.html in Resources */ = {isa = PBXBuildFile; fileRef = 1BB81E24167A301A00558FA7 /* ExpireTemplate.html */; };
		1BB9A68A166BA726005EBB07 /* CompanyCustomInbox.m in Sources */ = {isa = PBXBuildFile; fileRef = 1BB9A67D166BA726005EBB07 /* CompanyCustomInbox.m */; };
		1BB9A68B166BA726005EBB07 /* CompanyDetailsVC.m in Sources */ = {isa = PBXBuildFile; fileRef = 1BB9A67F166BA726005EBB07 /* CompanyDetailsVC.m */; };
		1BB9A68C166BA726005EBB07 /* CompanyDetailsVC.xib in Resources */ = {isa = PBXBuildFile; fileRef = 1BB9A680166BA726005EBB07 /* CompanyDetailsVC.xib */; };
		1BB9A68D166BA726005EBB07 /* CompanyInbox.xcdatamodel in Sources */ = {isa = PBXBuildFile; fileRef = 1BB9A681166BA726005EBB07 /* CompanyInbox.xcdatamodel */; };
		1BB9A68E166BA726005EBB07 /* CompanyInboxVC.m in Sources */ = {isa = PBXBuildFile; fileRef = 1BB9A683166BA726005EBB07 /* CompanyInboxVC.m */; };
		1BB9A68F166BA726005EBB07 /* CompanyInboxVC.xib in Resources */ = {isa = PBXBuildFile; fileRef = 1BB9A684166BA726005EBB07 /* CompanyInboxVC.xib */; };
		1BB9A690166BA726005EBB07 /* CompanyInboxViewCell.m in Sources */ = {isa = PBXBuildFile; fileRef = 1BB9A686166BA726005EBB07 /* CompanyInboxViewCell.m */; };
		1BB9A691166BA726005EBB07 /* CompanyInboxViewCell.xib in Resources */ = {isa = PBXBuildFile; fileRef = 1BB9A687166BA726005EBB07 /* CompanyInboxViewCell.xib */; };
		1BC6A73E1667DAEE00B9AC9D /* TaggingPreferenceScreen.m in Sources */ = {isa = PBXBuildFile; fileRef = 1BC6A73D1667DAEE00B9AC9D /* TaggingPreferenceScreen.m */; };
		1BDBA17B14E962D600448614 /* sampleapp.xcdatamodel in Sources */ = {isa = PBXBuildFile; fileRef = 1BDBA17A14E962D600448614 /* sampleapp.xcdatamodel */; };
		1D60589B0D05DD56006BFB54 /* main.m in Sources */ = {isa = PBXBuildFile; fileRef = 29B97316FDCFA39411CA2CEA /* main.m */; };
		1D60589F0D05DD5A006BFB54 /* Foundation.framework in Frameworks */ = {isa = PBXBuildFile; fileRef = 1D30AB110D05D00D00671497 /* Foundation.framework */; };
		1DF5F4E00D08C38300B7A737 /* UIKit.framework in Frameworks */ = {isa = PBXBuildFile; fileRef = 1DF5F4DF0D08C38300B7A737 /* UIKit.framework */; };
		288765FD0DF74451002DB57D /* CoreGraphics.framework in Frameworks */ = {isa = PBXBuildFile; fileRef = 288765FC0DF74451002DB57D /* CoreGraphics.framework */; };
		47831BE713E85D6E001EDA30 /* Settings.bundle in Resources */ = {isa = PBXBuildFile; fileRef = 47831BE613E85D6E001EDA30 /* Settings.bundle */; };
		47955C5813EB40FC0081E36F /* AboutPage.m in Sources */ = {isa = PBXBuildFile; fileRef = 47955C5113EB40FC0081E36F /* AboutPage.m */; };
		47955C5913EB40FC0081E36F /* AboutSetting.m in Sources */ = {isa = PBXBuildFile; fileRef = 47955C5313EB40FC0081E36F /* AboutSetting.m */; };
		47955C5A13EB40FC0081E36F /* SampleTabsAppDelegate.m in Sources */ = {isa = PBXBuildFile; fileRef = 47955C5513EB40FC0081E36F /* SampleTabsAppDelegate.m */; };
		47955C5B13EB40FC0081E36F /* SettingViewController.m in Sources */ = {isa = PBXBuildFile; fileRef = 47955C5713EB40FC0081E36F /* SettingViewController.m */; };
		47955C6313EB413E0081E36F /* blueButton.png in Resources */ = {isa = PBXBuildFile; fileRef = 47955C5C13EB413E0081E36F /* blueButton.png */; };
		47955C6413EB413E0081E36F /* Default.png in Resources */ = {isa = PBXBuildFile; fileRef = 47955C5D13EB413E0081E36F /* Default.png */; };
		47955C6513EB413E0081E36F /* home.png in Resources */ = {isa = PBXBuildFile; fileRef = 47955C5E13EB413E0081E36F /* home.png */; };
		47955C6613EB413E0081E36F /* icon.png in Resources */ = {isa = PBXBuildFile; fileRef = 47955C5F13EB413E0081E36F /* icon.png */; };
		47955C6713EB413E0081E36F /* inbox.png in Resources */ = {isa = PBXBuildFile; fileRef = 47955C6013EB413E0081E36F /* inbox.png */; };
		47955C6813EB413E0081E36F /* setting.png in Resources */ = {isa = PBXBuildFile; fileRef = 47955C6113EB413E0081E36F /* setting.png */; };
		47955C6913EB413E0081E36F /* whiteButton.png in Resources */ = {isa = PBXBuildFile; fileRef = 47955C6213EB413E0081E36F /* whiteButton.png */; };
/* End PBXBuildFile section */

/* Begin PBXFileReference section */
		1B01AF7614E5BCED000D8CEA /* XLTagMgr.m */ = {isa = PBXFileReference; fileEncoding = 4; lastKnownFileType = sourcecode.c.objc; name = XLTagMgr.m; path = SampleRichWithTabs/Support/XLTagMgr.m; sourceTree = SOURCE_ROOT; };
		1B01AF7714E5BCED000D8CEA /* XLTagMgr.h */ = {isa = PBXFileReference; fileEncoding = 4; lastKnownFileType = sourcecode.c.h; name = XLTagMgr.h; path = SampleRichWithTabs/Support/XLTagMgr.h; sourceTree = SOURCE_ROOT; };
		1B01AF7814E5BCED000D8CEA /* XLTag.h */ = {isa = PBXFileReference; fileEncoding = 4; lastKnownFileType = sourcecode.c.h; name = XLTag.h; path = SampleRichWithTabs/Support/XLTag.h; sourceTree = SOURCE_ROOT; };
		1B01AF7914E5BCED000D8CEA /* XLTag.m */ = {isa = PBXFileReference; fileEncoding = 4; lastKnownFileType = sourcecode.c.objc; name = XLTag.m; path = SampleRichWithTabs/Support/XLTag.m; sourceTree = SOURCE_ROOT; };
		1B27E1E714CDE93100D8B058 /* CoreTelephony.framework */ = {isa = PBXFileReference; lastKnownFileType = wrapper.framework; name = CoreTelephony.framework; path = System/Library/Frameworks/CoreTelephony.framework; sourceTree = SDKROOT; };
		1B3EA6CF171DEFDC00AA3912 /* chime.caf */ = {isa = PBXFileReference; lastKnownFileType = file; path = chime.caf; sourceTree = "<group>"; };
		1B3EA6D0171DEFDC00AA3912 /* ding.caf */ = {isa = PBXFileReference; lastKnownFileType = file; path = ding.caf; sourceTree = "<group>"; };
		1B3EA6D1171DEFDC00AA3912 /* expireMsgTemplate.html */ = {isa = PBXFileReference; fileEncoding = 4; lastKnownFileType = text.html; path = expireMsgTemplate.html; sourceTree = "<group>"; };
		1B3EA6D2171DEFDC00AA3912 /* richnotification.mom */ = {isa = PBXFileReference; lastKnownFileType = file.bplist; path = richnotification.mom; sourceTree = "<group>"; };
		1B3EA6D3171DEFDC00AA3912 /* richnotificationV1.15.mom */ = {isa = PBXFileReference; lastKnownFileType = file.bplist; path = richnotificationV1.15.mom; sourceTree = "<group>"; };
		1B3EA6D4171DEFDC00AA3912 /* silence.caf */ = {isa = PBXFileReference; lastKnownFileType = file; path = silence.caf; sourceTree = "<group>"; };
		1B3EA6D5171DEFDC00AA3912 /* XtifyPush.framework */ = {isa = PBXFileReference; lastKnownFileType = wrapper.framework; path = XtifyPush.framework; sourceTree = "<group>"; };
		1B4BBA871328440A0015E814 /* CFNetwork.framework */ = {isa = PBXFileReference; lastKnownFileType = wrapper.framework; name = CFNetwork.framework; path = System/Library/Frameworks/CFNetwork.framework; sourceTree = SDKROOT; };
		1B4BBADD132844A40015E814 /* libxml2.2.dylib */ = {isa = PBXFileReference; lastKnownFileType = "compiled.mach-o.dylib"; name = libxml2.2.dylib; path = usr/lib/libxml2.2.dylib; sourceTree = SDKROOT; };
		1B4BBADF132844A40015E814 /* libz.1.1.3.dylib */ = {isa = PBXFileReference; lastKnownFileType = "compiled.mach-o.dylib"; name = libz.1.1.3.dylib; path = usr/lib/libz.1.1.3.dylib; sourceTree = SDKROOT; };
		1B4C2DF313327FD000B6FD19 /* MobileCoreServices.framework */ = {isa = PBXFileReference; lastKnownFileType = wrapper.framework; name = MobileCoreServices.framework; path = System/Library/Frameworks/MobileCoreServices.framework; sourceTree = SDKROOT; };
		1B57784C169CBA6500F8ED8C /* blue-dot.png */ = {isa = PBXFileReference; lastKnownFileType = image.png; name = "blue-dot.png"; path = "SampleRichWithTabs/Resources/blue-dot.png"; sourceTree = SOURCE_ROOT; };
		1B6DD2C2166D33F600711317 /* CompanyInboxVC-pad.xib */ = {isa = PBXFileReference; fileEncoding = 4; lastKnownFileType = file.xib; path = "CompanyInboxVC-pad.xib"; sourceTree = "<group>"; };
		1B7A7F9E13171DE200BCF75B /* SystemConfiguration.framework */ = {isa = PBXFileReference; lastKnownFileType = wrapper.framework; name = SystemConfiguration.framework; path = System/Library/Frameworks/SystemConfiguration.framework; sourceTree = SDKROOT; };
		1B7A81A0131C1BFA00BCF75B /* MapKit.framework */ = {isa = PBXFileReference; lastKnownFileType = wrapper.framework; name = MapKit.framework; path = System/Library/Frameworks/MapKit.framework; sourceTree = SDKROOT; };
		1B7A81DC131C1C3A00BCF75B /* CoreData.framework */ = {isa = PBXFileReference; lastKnownFileType = wrapper.framework; name = CoreData.framework; path = System/Library/Frameworks/CoreData.framework; sourceTree = SDKROOT; };
		1B7A81E2131C1C8900BCF75B /* MessageUI.framework */ = {isa = PBXFileReference; lastKnownFileType = wrapper.framework; name = MessageUI.framework; path = System/Library/Frameworks/MessageUI.framework; sourceTree = SDKROOT; };
		1B7A81E9131C1CA500BCF75B /* CoreLocation.framework */ = {isa = PBXFileReference; lastKnownFileType = wrapper.framework; name = CoreLocation.framework; path = System/Library/Frameworks/CoreLocation.framework; sourceTree = SDKROOT; };
		1B7E49E714DA085F002C6663 /* TaggingPreferenceScreen.h */ = {isa = PBXFileReference; fileEncoding = 4; lastKnownFileType = sourcecode.c.h; name = TaggingPreferenceScreen.h; path = SampleRichWithTabs/Support/TaggingPreferenceScreen.h; sourceTree = SOURCE_ROOT; };
		1B86939D174D726500F56B5E /* en */ = {isa = PBXFileReference; lastKnownFileType = text.plist.strings; name = en; path = en.lproj/Localizable.strings; sourceTree = "<group>"; };
		1B86939F174D729500F56B5E /* fr */ = {isa = PBXFileReference; lastKnownFileType = text.plist.strings; name = fr; path = fr.lproj/Localizable.strings; sourceTree = "<group>"; };
		1B8693A0174D72E700F56B5E /* he */ = {isa = PBXFileReference; lastKnownFileType = text.plist.strings; name = he; path = he.lproj/Localizable.strings; sourceTree = "<group>"; };
		1B8693A1174D730E00F56B5E /* es */ = {isa = PBXFileReference; lastKnownFileType = text.plist.strings; name = es; path = es.lproj/Localizable.strings; sourceTree = "<group>"; };
		1B933882161632F100E7DA73 /* RichDbMessage.h */ = {isa = PBXFileReference; fileEncoding = 4; lastKnownFileType = sourcecode.c.h; path = RichDbMessage.h; sourceTree = "<group>"; };
		1B933883161632F100E7DA73 /* XLappMgr.h */ = {isa = PBXFileReference; fileEncoding = 4; lastKnownFileType = sourcecode.c.h; path = XLappMgr.h; sourceTree = "<group>"; };
		1B933884161632F100E7DA73 /* XLCustomInboxMgr.h */ = {isa = PBXFileReference; fileEncoding = 4; lastKnownFileType = sourcecode.c.h; path = XLCustomInboxMgr.h; sourceTree = "<group>"; };
		1B933885161632F100E7DA73 /* XLhmSupport.h */ = {isa = PBXFileReference; fileEncoding = 4; lastKnownFileType = sourcecode.c.h; path = XLhmSupport.h; sourceTree = "<group>"; };
		1B933886161632F100E7DA73 /* XLRichJsonMessage.h */ = {isa = PBXFileReference; fileEncoding = 4; lastKnownFileType = sourcecode.c.h; path = XLRichJsonMessage.h; sourceTree = "<group>"; };
		1B933887161632F100E7DA73 /* XLXtifyOptions.h */ = {isa = PBXFileReference; fileEncoding = 4; lastKnownFileType = sourcecode.c.h; path = XLXtifyOptions.h; sourceTree = "<group>"; };
		1B9338B51616333800E7DA73 /* XLXtifyOptions.m */ = {isa = PBXFileReference; fileEncoding = 4; lastKnownFileType = sourcecode.c.objc; path = XLXtifyOptions.m; sourceTree = "<group>"; };
		1B9338B71616333F00E7DA73 /* XtifyGlobal.h */ = {isa = PBXFileReference; lastKnownFileType = sourcecode.c.h; path = XtifyGlobal.h; sourceTree = "<group>"; };
		1BAE34B8166808840091224F /* Default-568h@2x.png */ = {isa = PBXFileReference; lastKnownFileType = image.png; name = "Default-568h@2x.png"; path = "SampleRichWithTabs/Resources/Default-568h@2x.png"; sourceTree = SOURCE_ROOT; };
		1BB81E24167A301A00558FA7 /* ExpireTemplate.html */ = {isa = PBXFileReference; fileEncoding = 4; lastKnownFileType = text.html; name = ExpireTemplate.html; path = SampleRichWithTabs/Resources/ExpireTemplate.html; sourceTree = SOURCE_ROOT; };
		1BB9A67C166BA726005EBB07 /* CompanyCustomInbox.h */ = {isa = PBXFileReference; fileEncoding = 4; lastKnownFileType = sourcecode.c.h; path = CompanyCustomInbox.h; sourceTree = "<group>"; };
		1BB9A67D166BA726005EBB07 /* CompanyCustomInbox.m */ = {isa = PBXFileReference; fileEncoding = 4; lastKnownFileType = sourcecode.c.objc; path = CompanyCustomInbox.m; sourceTree = "<group>"; };
		1BB9A67E166BA726005EBB07 /* CompanyDetailsVC.h */ = {isa = PBXFileReference; fileEncoding = 4; lastKnownFileType = sourcecode.c.h; path = CompanyDetailsVC.h; sourceTree = "<group>"; };
		1BB9A67F166BA726005EBB07 /* CompanyDetailsVC.m */ = {isa = PBXFileReference; fileEncoding = 4; lastKnownFileType = sourcecode.c.objc; path = CompanyDetailsVC.m; sourceTree = "<group>"; };
		1BB9A680166BA726005EBB07 /* CompanyDetailsVC.xib */ = {isa = PBXFileReference; fileEncoding = 4; lastKnownFileType = file.xib; path = CompanyDetailsVC.xib; sourceTree = "<group>"; };
		1BB9A681166BA726005EBB07 /* CompanyInbox.xcdatamodel */ = {isa = PBXFileReference; lastKnownFileType = wrapper.xcdatamodel; path = CompanyInbox.xcdatamodel; sourceTree = "<group>"; };
		1BB9A682166BA726005EBB07 /* CompanyInboxVC.h */ = {isa = PBXFileReference; fileEncoding = 4; lastKnownFileType = sourcecode.c.h; path = CompanyInboxVC.h; sourceTree = "<group>"; };
		1BB9A683166BA726005EBB07 /* CompanyInboxVC.m */ = {isa = PBXFileReference; fileEncoding = 4; lastKnownFileType = sourcecode.c.objc; path = CompanyInboxVC.m; sourceTree = "<group>"; };
		1BB9A684166BA726005EBB07 /* CompanyInboxVC.xib */ = {isa = PBXFileReference; fileEncoding = 4; lastKnownFileType = file.xib; path = CompanyInboxVC.xib; sourceTree = "<group>"; };
		1BB9A685166BA726005EBB07 /* CompanyInboxViewCell.h */ = {isa = PBXFileReference; fileEncoding = 4; lastKnownFileType = sourcecode.c.h; path = CompanyInboxViewCell.h; sourceTree = "<group>"; };
		1BB9A686166BA726005EBB07 /* CompanyInboxViewCell.m */ = {isa = PBXFileReference; fileEncoding = 4; lastKnownFileType = sourcecode.c.objc; path = CompanyInboxViewCell.m; sourceTree = "<group>"; };
		1BB9A687166BA726005EBB07 /* CompanyInboxViewCell.xib */ = {isa = PBXFileReference; fileEncoding = 4; lastKnownFileType = file.xib; path = CompanyInboxViewCell.xib; sourceTree = "<group>"; };
		1BC6A73D1667DAEE00B9AC9D /* TaggingPreferenceScreen.m */ = {isa = PBXFileReference; fileEncoding = 4; lastKnownFileType = sourcecode.c.objc; name = TaggingPreferenceScreen.m; path = SampleRichWithTabs/Support/TaggingPreferenceScreen.m; sourceTree = SOURCE_ROOT; };
		1BC6A74F1667E7A600B9AC9D /* XRInboxDbInterface.h */ = {isa = PBXFileReference; fileEncoding = 4; lastKnownFileType = sourcecode.c.h; path = XRInboxDbInterface.h; sourceTree = "<group>"; };
		1BC6A7501667E7A600B9AC9D /* XRInboxUiDbDelegate.h */ = {isa = PBXFileReference; fileEncoding = 4; lastKnownFileType = sourcecode.c.h; path = XRInboxUiDbDelegate.h; sourceTree = "<group>"; };
		1BDBA17A14E962D600448614 /* sampleapp.xcdatamodel */ = {isa = PBXFileReference; lastKnownFileType = wrapper.xcdatamodel; name = sampleapp.xcdatamodel; path = SampleRichWithTabs/Support/sampleapp.xcdatamodel; sourceTree = SOURCE_ROOT; };
		1D30AB110D05D00D00671497 /* Foundation.framework */ = {isa = PBXFileReference; lastKnownFileType = wrapper.framework; name = Foundation.framework; path = System/Library/Frameworks/Foundation.framework; sourceTree = SDKROOT; };
		1D6058910D05DD3D006BFB54 /* SampleRichWithTabs.app */ = {isa = PBXFileReference; explicitFileType = wrapper.application; includeInIndex = 0; path = SampleRichWithTabs.app; sourceTree = BUILT_PRODUCTS_DIR; };
		1DF5F4DF0D08C38300B7A737 /* UIKit.framework */ = {isa = PBXFileReference; lastKnownFileType = wrapper.framework; name = UIKit.framework; path = System/Library/Frameworks/UIKit.framework; sourceTree = SDKROOT; };
		288765FC0DF74451002DB57D /* CoreGraphics.framework */ = {isa = PBXFileReference; lastKnownFileType = wrapper.framework; name = CoreGraphics.framework; path = System/Library/Frameworks/CoreGraphics.framework; sourceTree = SDKROOT; };
		29B97316FDCFA39411CA2CEA /* main.m */ = {isa = PBXFileReference; fileEncoding = 4; lastKnownFileType = sourcecode.c.objc; path = main.m; sourceTree = "<group>"; };
		32CA4F630368D1EE00C91783 /* SampleRichWithTabs_Prefix.pch */ = {isa = PBXFileReference; fileEncoding = 4; lastKnownFileType = sourcecode.c.h; path = SampleRichWithTabs_Prefix.pch; sourceTree = "<group>"; };
		47831BE613E85D6E001EDA30 /* Settings.bundle */ = {isa = PBXFileReference; lastKnownFileType = "wrapper.plug-in"; path = Settings.bundle; sourceTree = "<group>"; };
		47955C5013EB40FC0081E36F /* AboutPage.h */ = {isa = PBXFileReference; fileEncoding = 4; lastKnownFileType = sourcecode.c.h; name = AboutPage.h; path = SampleRichWithTabs/Support/AboutPage.h; sourceTree = SOURCE_ROOT; };
		47955C5113EB40FC0081E36F /* AboutPage.m */ = {isa = PBXFileReference; fileEncoding = 4; lastKnownFileType = sourcecode.c.objc; name = AboutPage.m; path = SampleRichWithTabs/Support/AboutPage.m; sourceTree = SOURCE_ROOT; };
		47955C5213EB40FC0081E36F /* AboutSetting.h */ = {isa = PBXFileReference; fileEncoding = 4; lastKnownFileType = sourcecode.c.h; name = AboutSetting.h; path = SampleRichWithTabs/Support/AboutSetting.h; sourceTree = SOURCE_ROOT; };
		47955C5313EB40FC0081E36F /* AboutSetting.m */ = {isa = PBXFileReference; fileEncoding = 4; lastKnownFileType = sourcecode.c.objc; name = AboutSetting.m; path = SampleRichWithTabs/Support/AboutSetting.m; sourceTree = SOURCE_ROOT; };
		47955C5413EB40FC0081E36F /* SampleTabsAppDelegate.h */ = {isa = PBXFileReference; fileEncoding = 4; lastKnownFileType = sourcecode.c.h; name = SampleTabsAppDelegate.h; path = SampleRichWithTabs/Support/SampleTabsAppDelegate.h; sourceTree = SOURCE_ROOT; };
		47955C5513EB40FC0081E36F /* SampleTabsAppDelegate.m */ = {isa = PBXFileReference; fileEncoding = 4; lastKnownFileType = sourcecode.c.objc; name = SampleTabsAppDelegate.m; path = SampleRichWithTabs/Support/SampleTabsAppDelegate.m; sourceTree = SOURCE_ROOT; };
		47955C5613EB40FC0081E36F /* SettingViewController.h */ = {isa = PBXFileReference; fileEncoding = 4; lastKnownFileType = sourcecode.c.h; name = SettingViewController.h; path = SampleRichWithTabs/Support/SettingViewController.h; sourceTree = SOURCE_ROOT; };
		47955C5713EB40FC0081E36F /* SettingViewController.m */ = {isa = PBXFileReference; fileEncoding = 4; lastKnownFileType = sourcecode.c.objc; name = SettingViewController.m; path = SampleRichWithTabs/Support/SettingViewController.m; sourceTree = SOURCE_ROOT; };
		47955C5C13EB413E0081E36F /* blueButton.png */ = {isa = PBXFileReference; lastKnownFileType = image.png; name = blueButton.png; path = SampleRichWithTabs/Resources/blueButton.png; sourceTree = SOURCE_ROOT; };
		47955C5D13EB413E0081E36F /* Default.png */ = {isa = PBXFileReference; lastKnownFileType = image.png; name = Default.png; path = SampleRichWithTabs/Resources/Default.png; sourceTree = SOURCE_ROOT; };
		47955C5E13EB413E0081E36F /* home.png */ = {isa = PBXFileReference; lastKnownFileType = image.png; name = home.png; path = SampleRichWithTabs/Resources/home.png; sourceTree = SOURCE_ROOT; };
		47955C5F13EB413E0081E36F /* icon.png */ = {isa = PBXFileReference; lastKnownFileType = image.png; name = icon.png; path = SampleRichWithTabs/Resources/icon.png; sourceTree = SOURCE_ROOT; };
		47955C6013EB413E0081E36F /* inbox.png */ = {isa = PBXFileReference; lastKnownFileType = image.png; name = inbox.png; path = SampleRichWithTabs/Resources/inbox.png; sourceTree = SOURCE_ROOT; };
		47955C6113EB413E0081E36F /* setting.png */ = {isa = PBXFileReference; lastKnownFileType = image.png; name = setting.png; path = SampleRichWithTabs/Resources/setting.png; sourceTree = SOURCE_ROOT; };
		47955C6213EB413E0081E36F /* whiteButton.png */ = {isa = PBXFileReference; lastKnownFileType = image.png; name = whiteButton.png; path = SampleRichWithTabs/Resources/whiteButton.png; sourceTree = SOURCE_ROOT; };
		8D1107310486CEB800E47090 /* SampleRichWithTabs-Info.plist */ = {isa = PBXFileReference; fileEncoding = 4; lastKnownFileType = text.plist.xml; path = "SampleRichWithTabs-Info.plist"; plistStructureDefinitionIdentifier = "com.apple.xcode.plist.structure-definition.iphone.info-plist"; sourceTree = "<group>"; };
/* End PBXFileReference section */

/* Begin PBXFrameworksBuildPhase section */
		1D60588F0D05DD3D006BFB54 /* Frameworks */ = {
			isa = PBXFrameworksBuildPhase;
			buildActionMask = 2147483647;
			files = (
				1D60589F0D05DD5A006BFB54 /* Foundation.framework in Frameworks */,
				1DF5F4E00D08C38300B7A737 /* UIKit.framework in Frameworks */,
				288765FD0DF74451002DB57D /* CoreGraphics.framework in Frameworks */,
				1B7A7F9F13171DE200BCF75B /* SystemConfiguration.framework in Frameworks */,
				1B7A81A1131C1BFA00BCF75B /* MapKit.framework in Frameworks */,
				1B7A81DD131C1C3A00BCF75B /* CoreData.framework in Frameworks */,
				1B7A81E3131C1C8900BCF75B /* MessageUI.framework in Frameworks */,
				1B7A81EA131C1CA500BCF75B /* CoreLocation.framework in Frameworks */,
				1B4BBA881328440A0015E814 /* CFNetwork.framework in Frameworks */,
				1B4BBADE132844A40015E814 /* libxml2.2.dylib in Frameworks */,
				1B4BBAE0132844A40015E814 /* libz.1.1.3.dylib in Frameworks */,
				1B4C2DF413327FD000B6FD19 /* MobileCoreServices.framework in Frameworks */,
				1B27E1E814CDE93100D8B058 /* CoreTelephony.framework in Frameworks */,
				1B3EA6DC171DEFDC00AA3912 /* XtifyPush.framework in Frameworks */,
			);
			runOnlyForDeploymentPostprocessing = 0;
		};
/* End PBXFrameworksBuildPhase section */

/* Begin PBXGroup section */
		19C28FACFE9D520D11CA2CBB /* Products */ = {
			isa = PBXGroup;
			children = (
				1D6058910D05DD3D006BFB54 /* SampleRichWithTabs.app */,
			);
			name = Products;
			sourceTree = "<group>";
		};
		1B3EA6CD171DEFDC00AA3912 /* XtifyPush.embeddedframework */ = {
			isa = PBXGroup;
			children = (
				1B3EA6CE171DEFDC00AA3912 /* Resources */,
				1B3EA6D5171DEFDC00AA3912 /* XtifyPush.framework */,
			);
			path = XtifyPush.embeddedframework;
			sourceTree = "<group>";
		};
		1B3EA6CE171DEFDC00AA3912 /* Resources */ = {
			isa = PBXGroup;
			children = (
				1B3EA6CF171DEFDC00AA3912 /* chime.caf */,
				1B3EA6D0171DEFDC00AA3912 /* ding.caf */,
				1B3EA6D1171DEFDC00AA3912 /* expireMsgTemplate.html */,
				1B3EA6D2171DEFDC00AA3912 /* richnotification.mom */,
				1B3EA6D3171DEFDC00AA3912 /* richnotificationV1.15.mom */,
				1B3EA6D4171DEFDC00AA3912 /* silence.caf */,
			);
			path = Resources;
			sourceTree = "<group>";
		};
		1B4C44DE133B95FA00B6FD19 /* SampleRichWithTabs */ = {
			isa = PBXGroup;
			children = (
				1BFEC2C5134E1F4B00513E88 /* Support */,
				1BFEC2C8134E1F4B00513E88 /* Resources */,
			);
			name = SampleRichWithTabs;
			sourceTree = "<group>";
		};
		1B933841161632F100E7DA73 /* XtifyLib */ = {
			isa = PBXGroup;
			children = (
				1BC6A7401667E7A600B9AC9D /* CustomInbox */,
				1B933882161632F100E7DA73 /* RichDbMessage.h */,
				1B933883161632F100E7DA73 /* XLappMgr.h */,
				1B933884161632F100E7DA73 /* XLCustomInboxMgr.h */,
				1B933885161632F100E7DA73 /* XLhmSupport.h */,
				1B933886161632F100E7DA73 /* XLRichJsonMessage.h */,
				1B933887161632F100E7DA73 /* XLXtifyOptions.h */,
				1B9338B51616333800E7DA73 /* XLXtifyOptions.m */,
				1B9338B71616333F00E7DA73 /* XtifyGlobal.h */,
				1B3EA6CD171DEFDC00AA3912 /* XtifyPush.embeddedframework */,
			);
			name = XtifyLib;
			path = ../XtifyLib;
			sourceTree = "<group>";
		};
		1BB9A67B166BA726005EBB07 /* AppInclude */ = {
			isa = PBXGroup;
			children = (
				1BB9A67C166BA726005EBB07 /* CompanyCustomInbox.h */,
				1BB9A67D166BA726005EBB07 /* CompanyCustomInbox.m */,
				1BB9A67E166BA726005EBB07 /* CompanyDetailsVC.h */,
				1BB9A67F166BA726005EBB07 /* CompanyDetailsVC.m */,
				1BB9A680166BA726005EBB07 /* CompanyDetailsVC.xib */,
				1BB9A681166BA726005EBB07 /* CompanyInbox.xcdatamodel */,
				1BB9A682166BA726005EBB07 /* CompanyInboxVC.h */,
				1BB9A683166BA726005EBB07 /* CompanyInboxVC.m */,
				1BB9A684166BA726005EBB07 /* CompanyInboxVC.xib */,
				1BB9A685166BA726005EBB07 /* CompanyInboxViewCell.h */,
				1BB9A686166BA726005EBB07 /* CompanyInboxViewCell.m */,
				1BB9A687166BA726005EBB07 /* CompanyInboxViewCell.xib */,
				1B6DD2C2166D33F600711317 /* CompanyInboxVC-pad.xib */,
			);
			path = AppInclude;
			sourceTree = "<group>";
		};
		1BC6A7401667E7A600B9AC9D /* CustomInbox */ = {
			isa = PBXGroup;
			children = (
				1BB9A67B166BA726005EBB07 /* AppInclude */,
				1BC6A74E1667E7A600B9AC9D /* LibInclude */,
			);
			path = CustomInbox;
			sourceTree = "<group>";
		};
		1BC6A74E1667E7A600B9AC9D /* LibInclude */ = {
			isa = PBXGroup;
			children = (
				1BC6A74F1667E7A600B9AC9D /* XRInboxDbInterface.h */,
				1BC6A7501667E7A600B9AC9D /* XRInboxUiDbDelegate.h */,
			);
			path = LibInclude;
			sourceTree = "<group>";
		};
		1BFEC2C5134E1F4B00513E88 /* Support */ = {
			isa = PBXGroup;
			children = (
				47955C5013EB40FC0081E36F /* AboutPage.h */,
				47955C5113EB40FC0081E36F /* AboutPage.m */,
				47955C5213EB40FC0081E36F /* AboutSetting.h */,
				47955C5313EB40FC0081E36F /* AboutSetting.m */,
				47955C5413EB40FC0081E36F /* SampleTabsAppDelegate.h */,
				47955C5513EB40FC0081E36F /* SampleTabsAppDelegate.m */,
				47955C5613EB40FC0081E36F /* SettingViewController.h */,
				47955C5713EB40FC0081E36F /* SettingViewController.m */,
				1B7E49E714DA085F002C6663 /* TaggingPreferenceScreen.h */,
				1BC6A73D1667DAEE00B9AC9D /* TaggingPreferenceScreen.m */,
				1B01AF7614E5BCED000D8CEA /* XLTagMgr.m */,
				1B01AF7714E5BCED000D8CEA /* XLTagMgr.h */,
				1B01AF7814E5BCED000D8CEA /* XLTag.h */,
				1B01AF7914E5BCED000D8CEA /* XLTag.m */,
				1BDBA17A14E962D600448614 /* sampleapp.xcdatamodel */,
			);
			name = Support;
			path = SampleRich/Support;
			sourceTree = "<group>";
		};
		1BFEC2C8134E1F4B00513E88 /* Resources */ = {
			isa = PBXGroup;
			children = (
				1B86939E174D726500F56B5E /* Localizable.strings */,
				1BAE34B8166808840091224F /* Default-568h@2x.png */,
				47955C5C13EB413E0081E36F /* blueButton.png */,
				47955C5D13EB413E0081E36F /* Default.png */,
				47955C5E13EB413E0081E36F /* home.png */,
				47955C5F13EB413E0081E36F /* icon.png */,
				47955C6013EB413E0081E36F /* inbox.png */,
				47955C6113EB413E0081E36F /* setting.png */,
				47955C6213EB413E0081E36F /* whiteButton.png */,
				1BB81E24167A301A00558FA7 /* ExpireTemplate.html */,
				1B57784C169CBA6500F8ED8C /* blue-dot.png */,
			);
			name = Resources;
			path = SampleRich/Resources;
			sourceTree = "<group>";
		};
		29B97314FDCFA39411CA2CEA /* CustomTemplate */ = {
			isa = PBXGroup;
			children = (
				1B933841161632F100E7DA73 /* XtifyLib */,
				1B4C44DE133B95FA00B6FD19 /* SampleRichWithTabs */,
				29B97315FDCFA39411CA2CEA /* Other Sources */,
				29B97317FDCFA39411CA2CEA /* Resources */,
				29B97323FDCFA39411CA2CEA /* Frameworks */,
				19C28FACFE9D520D11CA2CBB /* Products */,
			);
			name = CustomTemplate;
			sourceTree = "<group>";
		};
		29B97315FDCFA39411CA2CEA /* Other Sources */ = {
			isa = PBXGroup;
			children = (
				32CA4F630368D1EE00C91783 /* SampleRichWithTabs_Prefix.pch */,
				29B97316FDCFA39411CA2CEA /* main.m */,
			);
			name = "Other Sources";
			sourceTree = "<group>";
		};
		29B97317FDCFA39411CA2CEA /* Resources */ = {
			isa = PBXGroup;
			children = (
				47831BE613E85D6E001EDA30 /* Settings.bundle */,
				8D1107310486CEB800E47090 /* SampleRichWithTabs-Info.plist */,
			);
			name = Resources;
			sourceTree = "<group>";
		};
		29B97323FDCFA39411CA2CEA /* Frameworks */ = {
			isa = PBXGroup;
			children = (
				1B27E1E714CDE93100D8B058 /* CoreTelephony.framework */,
				1B4C2DF313327FD000B6FD19 /* MobileCoreServices.framework */,
				1B7A81A0131C1BFA00BCF75B /* MapKit.framework */,
				1B7A7F9E13171DE200BCF75B /* SystemConfiguration.framework */,
				1DF5F4DF0D08C38300B7A737 /* UIKit.framework */,
				1D30AB110D05D00D00671497 /* Foundation.framework */,
				288765FC0DF74451002DB57D /* CoreGraphics.framework */,
				1B7A81DC131C1C3A00BCF75B /* CoreData.framework */,
				1B7A81E2131C1C8900BCF75B /* MessageUI.framework */,
				1B7A81E9131C1CA500BCF75B /* CoreLocation.framework */,
				1B4BBA871328440A0015E814 /* CFNetwork.framework */,
				1B4BBADD132844A40015E814 /* libxml2.2.dylib */,
				1B4BBADF132844A40015E814 /* libz.1.1.3.dylib */,
			);
			name = Frameworks;
			sourceTree = "<group>";
		};
/* End PBXGroup section */

/* Begin PBXNativeTarget section */
		1D6058900D05DD3D006BFB54 /* SampleRichWithTabs */ = {
			isa = PBXNativeTarget;
			buildConfigurationList = 1D6058960D05DD3E006BFB54 /* Build configuration list for PBXNativeTarget "SampleRichWithTabs" */;
			buildPhases = (
				1D60588D0D05DD3D006BFB54 /* Resources */,
				1D60588E0D05DD3D006BFB54 /* Sources */,
				1D60588F0D05DD3D006BFB54 /* Frameworks */,
			);
			buildRules = (
			);
			dependencies = (
			);
			name = SampleRichWithTabs;
			productName = RichNotification;
			productReference = 1D6058910D05DD3D006BFB54 /* SampleRichWithTabs.app */;
			productType = "com.apple.product-type.application";
		};
/* End PBXNativeTarget section */

/* Begin PBXProject section */
		29B97313FDCFA39411CA2CEA /* Project object */ = {
			isa = PBXProject;
			attributes = {
				LastUpgradeCheck = 0420;
				TargetAttributes = {
					1D6058900D05DD3D006BFB54 = {
						DevelopmentTeam = 75752957RW;
					};
				};
			};
			buildConfigurationList = C01FCF4E08A954540054247B /* Build configuration list for PBXProject "Xtify" */;
			compatibilityVersion = "Xcode 3.2";
			developmentRegion = English;
			hasScannedForEncodings = 1;
			knownRegions = (
				English,
				Japanese,
				French,
				German,
				fr,
				he,
				es,
			);
			mainGroup = 29B97314FDCFA39411CA2CEA /* CustomTemplate */;
			projectDirPath = "";
			projectRoot = "";
			targets = (
				1D6058900D05DD3D006BFB54 /* SampleRichWithTabs */,
			);
		};
/* End PBXProject section */

/* Begin PBXResourcesBuildPhase section */
		1D60588D0D05DD3D006BFB54 /* Resources */ = {
			isa = PBXResourcesBuildPhase;
			buildActionMask = 2147483647;
			files = (
				47831BE713E85D6E001EDA30 /* Settings.bundle in Resources */,
				47955C6313EB413E0081E36F /* blueButton.png in Resources */,
				47955C6413EB413E0081E36F /* Default.png in Resources */,
				47955C6513EB413E0081E36F /* home.png in Resources */,
				47955C6613EB413E0081E36F /* icon.png in Resources */,
				47955C6713EB413E0081E36F /* inbox.png in Resources */,
				47955C6813EB413E0081E36F /* setting.png in Resources */,
				47955C6913EB413E0081E36F /* whiteButton.png in Resources */,
				1BAE34B9166808840091224F /* Default-568h@2x.png in Resources */,
				1BB9A68C166BA726005EBB07 /* CompanyDetailsVC.xib in Resources */,
				1BB9A68F166BA726005EBB07 /* CompanyInboxVC.xib in Resources */,
				1BB9A691166BA726005EBB07 /* CompanyInboxViewCell.xib in Resources */,
				1B6DD2C3166D33F600711317 /* CompanyInboxVC-pad.xib in Resources */,
				1BB81E25167A301A00558FA7 /* ExpireTemplate.html in Resources */,
				1B57784D169CBA6500F8ED8C /* blue-dot.png in Resources */,
				1B3EA6D6171DEFDC00AA3912 /* chime.caf in Resources */,
				1B3EA6D7171DEFDC00AA3912 /* ding.caf in Resources */,
				1B3EA6D8171DEFDC00AA3912 /* expireMsgTemplate.html in Resources */,
				1B3EA6D9171DEFDC00AA3912 /* richnotification.mom in Resources */,
				1B3EA6DA171DEFDC00AA3912 /* richnotificationV1.15.mom in Resources */,
				1B3EA6DB171DEFDC00AA3912 /* silence.caf in Resources */,
				1B86939C174D726500F56B5E /* Localizable.strings in Resources */,
			);
			runOnlyForDeploymentPostprocessing = 0;
		};
/* End PBXResourcesBuildPhase section */

/* Begin PBXSourcesBuildPhase section */
		1D60588E0D05DD3D006BFB54 /* Sources */ = {
			isa = PBXSourcesBuildPhase;
			buildActionMask = 2147483647;
			files = (
				1D60589B0D05DD56006BFB54 /* main.m in Sources */,
				47955C5813EB40FC0081E36F /* AboutPage.m in Sources */,
				47955C5913EB40FC0081E36F /* AboutSetting.m in Sources */,
				47955C5A13EB40FC0081E36F /* SampleTabsAppDelegate.m in Sources */,
				47955C5B13EB40FC0081E36F /* SettingViewController.m in Sources */,
				1B01AF7A14E5BCED000D8CEA /* XLTagMgr.m in Sources */,
				1B01AF7B14E5BCED000D8CEA /* XLTag.m in Sources */,
				1BDBA17B14E962D600448614 /* sampleapp.xcdatamodel in Sources */,
				1B9338B61616333800E7DA73 /* XLXtifyOptions.m in Sources */,
				1BC6A73E1667DAEE00B9AC9D /* TaggingPreferenceScreen.m in Sources */,
				1BB9A68A166BA726005EBB07 /* CompanyCustomInbox.m in Sources */,
				1BB9A68B166BA726005EBB07 /* CompanyDetailsVC.m in Sources */,
				1BB9A68D166BA726005EBB07 /* CompanyInbox.xcdatamodel in Sources */,
				1BB9A68E166BA726005EBB07 /* CompanyInboxVC.m in Sources */,
				1BB9A690166BA726005EBB07 /* CompanyInboxViewCell.m in Sources */,
			);
			runOnlyForDeploymentPostprocessing = 0;
		};
/* End PBXSourcesBuildPhase section */

/* Begin PBXVariantGroup section */
		1B86939E174D726500F56B5E /* Localizable.strings */ = {
			isa = PBXVariantGroup;
			children = (
				1B86939D174D726500F56B5E /* en */,
				1B86939F174D729500F56B5E /* fr */,
				1B8693A0174D72E700F56B5E /* he */,
				1B8693A1174D730E00F56B5E /* es */,
			);
			name = Localizable.strings;
			path = SampleRichWithTabs/Resources;
			sourceTree = SOURCE_ROOT;
		};
/* End PBXVariantGroup section */

/* Begin XCBuildConfiguration section */
		1D6058940D05DD3E006BFB54 /* Debug */ = {
			isa = XCBuildConfiguration;
			buildSettings = {
				ALWAYS_SEARCH_USER_PATHS = NO;
				CODE_SIGN_IDENTITY = "";
				"CODE_SIGN_IDENTITY[sdk=iphoneos*]" = "";
				COPY_PHASE_STRIP = NO;
				FRAMEWORK_SEARCH_PATHS = (
					"$(inherited)",
					"\"$(SRCROOT)/../XtifyLib/XtifyPush.embeddedframework\"",
				);
				GCC_DYNAMIC_NO_PIC = NO;
				GCC_OPTIMIZATION_LEVEL = 0;
				GCC_PRECOMPILE_PREFIX_HEADER = YES;
				GCC_PREFIX_HEADER = SampleRichWithTabs_Prefix.pch;
				GCC_VERSION = "";
				INFOPLIST_FILE = "SampleRichWithTabs-Info.plist";
				IPHONEOS_DEPLOYMENT_TARGET = 4.3;
				LIBRARY_SEARCH_PATHS = (
					"$(inherited)",
					"\"$(SRCROOT)/../..\"",
					"\"$(SRCROOT)/..\"",
					"\"$(SDKROOT)$(SYSTEM_LIBRARY_DIR)/Frameworks/CoreTelephony.framework\"",
				);
				OTHER_LDFLAGS = "-ObjC";
				PRODUCT_NAME = SampleRichWithTabs;
				PROVISIONING_PROFILE = "";
				"PROVISIONING_PROFILE[sdk=iphoneos*]" = "";
				TARGETED_DEVICE_FAMILY = 1;
			};
			name = Debug;
		};
		1D6058950D05DD3E006BFB54 /* Release */ = {
			isa = XCBuildConfiguration;
			buildSettings = {
				ALWAYS_SEARCH_USER_PATHS = NO;
				CODE_SIGN_IDENTITY = "";
				"CODE_SIGN_IDENTITY[sdk=iphoneos*]" = "";
				COPY_PHASE_STRIP = YES;
				FRAMEWORK_SEARCH_PATHS = (
					"$(inherited)",
					"\"$(SRCROOT)/../XtifyLib/XtifyPush.embeddedframework\"",
				);
				GCC_PRECOMPILE_PREFIX_HEADER = YES;
				GCC_PREFIX_HEADER = SampleRichWithTabs_Prefix.pch;
				GCC_VERSION = "";
				INFOPLIST_FILE = "SampleRichWithTabs-Info.plist";
				IPHONEOS_DEPLOYMENT_TARGET = 4.3;
				LIBRARY_SEARCH_PATHS = (
					"$(inherited)",
					"\"$(SRCROOT)/../..\"",
					"\"$(SRCROOT)/..\"",
					"\"$(SDKROOT)$(SYSTEM_LIBRARY_DIR)/Frameworks/CoreTelephony.framework\"",
				);
				OTHER_LDFLAGS = "-ObjC";
				PRODUCT_NAME = SampleRichWithTabs;
				PROVISIONING_PROFILE = "";
				"PROVISIONING_PROFILE[sdk=iphoneos*]" = "";
				TARGETED_DEVICE_FAMILY = 1;
				VALIDATE_PRODUCT = YES;
			};
			name = Release;
		};
		C01FCF4F08A954540054247B /* Debug */ = {
			isa = XCBuildConfiguration;
			buildSettings = {
				ARCHS = "$(ARCHS_STANDARD_32_BIT)";
				CODE_SIGN_IDENTITY = "";
				"CODE_SIGN_IDENTITY[sdk=iphoneos*]" = "";
				GCC_C_LANGUAGE_STANDARD = c99;
				GCC_TREAT_IMPLICIT_FUNCTION_DECLARATIONS_AS_ERRORS = YES;
				GCC_TREAT_WARNINGS_AS_ERRORS = YES;
				GCC_VERSION = com.apple.compilers.llvm.clang.1_0;
				GCC_WARN_ABOUT_RETURN_TYPE = YES;
				GCC_WARN_UNDECLARED_SELECTOR = YES;
				GCC_WARN_UNUSED_VARIABLE = YES;
				HEADER_SEARCH_PATHS = "../XtifyLib/**";
				IPHONEOS_DEPLOYMENT_TARGET = 3.2;
				OTHER_LDFLAGS = "";
				PROVISIONING_PROFILE = "";
				"PROVISIONING_PROFILE[sdk=iphoneos*]" = "";
				SDKROOT = iphoneos;
			};
			name = Debug;
		};
		C01FCF5008A954540054247B /* Release */ = {
			isa = XCBuildConfiguration;
			buildSettings = {
				ARCHS = "$(ARCHS_STANDARD_32_BIT)";
				CODE_SIGN_IDENTITY = "";
				"CODE_SIGN_IDENTITY[sdk=iphoneos*]" = "";
				GCC_C_LANGUAGE_STANDARD = c99;
				GCC_TREAT_IMPLICIT_FUNCTION_DECLARATIONS_AS_ERRORS = YES;
				GCC_TREAT_WARNINGS_AS_ERRORS = YES;
				GCC_VERSION = com.apple.compilers.llvm.clang.1_0;
				GCC_WARN_ABOUT_RETURN_TYPE = YES;
				GCC_WARN_UNDECLARED_SELECTOR = YES;
				GCC_WARN_UNUSED_VARIABLE = YES;
				HEADER_SEARCH_PATHS = "../XtifyLib/**";
				IPHONEOS_DEPLOYMENT_TARGET = 3.2;
				OTHER_CFLAGS = "-DNS_BLOCK_ASSERTIONS=1";
				OTHER_LDFLAGS = "";
				PROVISIONING_PROFILE = "";
				"PROVISIONING_PROFILE[sdk=iphoneos*]" = "";
				SDKROOT = iphoneos;
			};
			name = Release;
		};
/* End XCBuildConfiguration section */

/* Begin XCConfigurationList section */
		1D6058960D05DD3E006BFB54 /* Build configuration list for PBXNativeTarget "SampleRichWithTabs" */ = {
			isa = XCConfigurationList;
			buildConfigurations = (
				1D6058940D05DD3E006BFB54 /* Debug */,
				1D6058950D05DD3E006BFB54 /* Release */,
			);
			defaultConfigurationIsVisible = 0;
			defaultConfigurationName = Debug;
		};
		C01FCF4E08A954540054247B /* Build configuration list for PBXProject "Xtify" */ = {
			isa = XCConfigurationList;
			buildConfigurations = (
				C01FCF4F08A954540054247B /* Debug */,
				C01FCF5008A954540054247B /* Release */,
			);
			defaultConfigurationIsVisible = 0;
			defaultConfigurationName = Debug;
		};
/* End XCConfigurationList section */
	};
	rootObject = 29B97313FDCFA39411CA2CEA /* Project object */;
}
